
Microsoft Visual Studio Solution File, Format Version 12.00
# Visual Studio Version 17
VisualStudioVersion = 17.1.32319.34
MinimumVisualStudioVersion = 10.0.40219.1
Project("{FAE04EC0-301F-11D3-BF4B-00C04F79EFBC}") = "KeyboardInputter", "KeyboardInputter\KeyboardInputter.csproj", "{5D182F08-C2FF-48E3-A1AF-A039673D8E12}"
EndProject
Global
	GlobalSection(SolutionConfigurationPlatforms) = preSolution
		Debug|Any CPU = Debug|Any CPU
		Release|Any CPU = Release|Any CPU
	EndGlobalSection
	GlobalSection(ProjectConfigurationPlatforms) = postSolution
		{5D182F08-C2FF-48E3-A1AF-A039673D8E12}.Debug|Any CPU.ActiveCfg = Debug|Any CPU
		{5D182F08-C2FF-48E3-A1AF-A039673D8E12}.Debug|Any CPU.Build.0 = Debug|Any CPU
		{5D182F08-C2FF-48E3-A1AF-A039673D8E12}.Release|Any CPU.ActiveCfg = Release|Any CPU
		{5D182F08-C2FF-48E3-A1AF-A039673D8E12}.Release|Any CPU.Build.0 = Release|Any CPU
	EndGlobalSection
	GlobalSection(SolutionProperties) = preSolution
		HideSolutionNode = FALSE
	EndGlobalSection
	GlobalSection(ExtensibilityGlobals) = postSolution
		SolutionGuid = {BB4B144E-23A6-4668-BD7E-70D3F74EF24B}
	EndGlobalSection
EndGlobal
